
Microsoft Visual Studio Solution File, Format Version 12.00
# Visual Studio Version 17
VisualStudioVersion = 17.2.32526.322
MinimumVisualStudioVersion = 10.0.40219.1
Project("{FAE04EC0-301F-11D3-BF4B-00C04F79EFBC}") = "exercicio-01-mesa-13", "exercicio-01-mesa-13.csproj", "{05D8C680-2314-4225-A3AA-9AE32898BA03}"
EndProject
Global
	GlobalSection(SolutionConfigurationPlatforms) = preSolution
		Debug|Any CPU = Debug|Any CPU
		Release|Any CPU = Release|Any CPU
	EndGlobalSection
	GlobalSection(ProjectConfigurationPlatforms) = postSolution
		{05D8C680-2314-4225-A3AA-9AE32898BA03}.Debug|Any CPU.ActiveCfg = Debug|Any CPU
		{05D8C680-2314-4225-A3AA-9AE32898BA03}.Debug|Any CPU.Build.0 = Debug|Any CPU
		{05D8C680-2314-4225-A3AA-9AE32898BA03}.Release|Any CPU.ActiveCfg = Release|Any CPU
		{05D8C680-2314-4225-A3AA-9AE32898BA03}.Release|Any CPU.Build.0 = Release|Any CPU
	EndGlobalSection
	GlobalSection(SolutionProperties) = preSolution
		HideSolutionNode = FALSE
	EndGlobalSection
	GlobalSection(ExtensibilityGlobals) = postSolution
		SolutionGuid = {C7E7162F-A4C9-489B-AA92-4ED196F6FB35}
	EndGlobalSection
EndGlobal
